// !$*UTF8*$!
{
	archiveVersion = 1;
	classes = {
	};
	objectVersion = 46;
	objects = {

/* Begin PBXBuildFile section */
		370795061541B1430012A366 /* notes.rtf in Resources */ = {isa = PBXBuildFile; fileRef = 370795051541B1430012A366 /* notes.rtf */; };
		376CBB8015B88BA0009AF01C /* LPPieChartView.m in Sources */ = {isa = PBXBuildFile; fileRef = 376CBB7F15B88BA0009AF01C /* LPPieChartView.m */; };
		37790ADB15B98139006F5ED9 /* LP3DPieChartView.m in Sources */ = {isa = PBXBuildFile; fileRef = 37790ADA15B98139006F5ED9 /* LP3DPieChartView.m */; };
		378FCB6B15B6E80C001B39E1 /* LP3DBarChartView.m in Sources */ = {isa = PBXBuildFile; fileRef = 378FCB6A15B6E80C001B39E1 /* LP3DBarChartView.m */; };
		379371171540393C00BD1AC4 /* Cocoa.framework in Frameworks */ = {isa = PBXBuildFile; fileRef = 379371161540393C00BD1AC4 /* Cocoa.framework */; };
		379371211540393C00BD1AC4 /* InfoPlist.strings in Resources */ = {isa = PBXBuildFile; fileRef = 3793711F1540393C00BD1AC4 /* InfoPlist.strings */; };
		379371231540393C00BD1AC4 /* main.m in Sources */ = {isa = PBXBuildFile; fileRef = 379371221540393C00BD1AC4 /* main.m */; };
		379371271540393C00BD1AC4 /* Credits.rtf in Resources */ = {isa = PBXBuildFile; fileRef = 379371251540393C00BD1AC4 /* Credits.rtf */; };
		3793712A1540393C00BD1AC4 /* AppDelegate.m in Sources */ = {isa = PBXBuildFile; fileRef = 379371291540393C00BD1AC4 /* AppDelegate.m */; };
		3793712D1540393D00BD1AC4 /* MainMenu.xib in Resources */ = {isa = PBXBuildFile; fileRef = 3793712B1540393D00BD1AC4 /* MainMenu.xib */; };
		37B7D26A15C0101C00507F3F /* LPLineChartView.m in Sources */ = {isa = PBXBuildFile; fileRef = 37B7D26915C0101C00507F3F /* LPLineChartView.m */; };
		37CC864A1551AA910073E494 /* LittlePlotTableView.m in Sources */ = {isa = PBXBuildFile; fileRef = 37CC86491551AA910073E494 /* LittlePlotTableView.m */; };
		6947A2921565798B009DD390 /* LittlePlotBarView.m in Sources */ = {isa = PBXBuildFile; fileRef = 6947A2911565798B009DD390 /* LittlePlotBarView.m */; };
		69AF86E415474ACD00FC18F4 /* LittlePlotLabelView.m in Sources */ = {isa = PBXBuildFile; fileRef = 69AF86DF15474ACD00FC18F4 /* LittlePlotLabelView.m */; };
/* End PBXBuildFile section */

/* Begin PBXFileReference section */
		370795051541B1430012A366 /* notes.rtf */ = {isa = PBXFileReference; fileEncoding = 4; lastKnownFileType = text.rtf; path = notes.rtf; sourceTree = "<group>"; };
		376CBB7E15B88BA0009AF01C /* LPPieChartView.h */ = {isa = PBXFileReference; fileEncoding = 4; lastKnownFileType = sourcecode.c.h; name = LPPieChartView.h; path = LittlePlotViews/LPPieChartView.h; sourceTree = "<group>"; };
		376CBB7F15B88BA0009AF01C /* LPPieChartView.m */ = {isa = PBXFileReference; fileEncoding = 4; lastKnownFileType = sourcecode.c.objc; name = LPPieChartView.m; path = LittlePlotViews/LPPieChartView.m; sourceTree = "<group>"; };
		37790AD915B98139006F5ED9 /* LP3DPieChartView.h */ = {isa = PBXFileReference; fileEncoding = 4; lastKnownFileType = sourcecode.c.h; name = LP3DPieChartView.h; path = LittlePlotViews/LP3DPieChartView.h; sourceTree = "<group>"; };
		37790ADA15B98139006F5ED9 /* LP3DPieChartView.m */ = {isa = PBXFileReference; fileEncoding = 4; lastKnownFileType = sourcecode.c.objc; name = LP3DPieChartView.m; path = LittlePlotViews/LP3DPieChartView.m; sourceTree = "<group>"; };
		378FCB6915B6E80C001B39E1 /* LP3DBarChartView.h */ = {isa = PBXFileReference; fileEncoding = 4; lastKnownFileType = sourcecode.c.h; name = LP3DBarChartView.h; path = LittlePlotViews/LP3DBarChartView.h; sourceTree = "<group>"; };
		378FCB6A15B6E80C001B39E1 /* LP3DBarChartView.m */ = {isa = PBXFileReference; fileEncoding = 4; lastKnownFileType = sourcecode.c.objc; name = LP3DBarChartView.m; path = LittlePlotViews/LP3DBarChartView.m; sourceTree = "<group>"; };
		379371121540393C00BD1AC4 /* little-plot.app */ = {isa = PBXFileReference; explicitFileType = wrapper.application; includeInIndex = 0; path = "little-plot.app"; sourceTree = BUILT_PRODUCTS_DIR; };
		379371161540393C00BD1AC4 /* Cocoa.framework */ = {isa = PBXFileReference; lastKnownFileType = wrapper.framework; name = Cocoa.framework; path = System/Library/Frameworks/Cocoa.framework; sourceTree = SDKROOT; };
		379371191540393C00BD1AC4 /* AppKit.framework */ = {isa = PBXFileReference; lastKnownFileType = wrapper.framework; name = AppKit.framework; path = System/Library/Frameworks/AppKit.framework; sourceTree = SDKROOT; };
		3793711B1540393C00BD1AC4 /* Foundation.framework */ = {isa = PBXFileReference; lastKnownFileType = wrapper.framework; name = Foundation.framework; path = System/Library/Frameworks/Foundation.framework; sourceTree = SDKROOT; };
		3793711E1540393C00BD1AC4 /* little-plot-Info.plist */ = {isa = PBXFileReference; lastKnownFileType = text.plist.xml; path = "little-plot-Info.plist"; sourceTree = "<group>"; };
		379371201540393C00BD1AC4 /* en */ = {isa = PBXFileReference; lastKnownFileType = text.plist.strings; name = en; path = en.lproj/InfoPlist.strings; sourceTree = "<group>"; };
		379371221540393C00BD1AC4 /* main.m */ = {isa = PBXFileReference; lastKnownFileType = sourcecode.c.objc; path = main.m; sourceTree = "<group>"; };
		379371241540393C00BD1AC4 /* little-plot-Prefix.pch */ = {isa = PBXFileReference; lastKnownFileType = sourcecode.c.h; path = "little-plot-Prefix.pch"; sourceTree = "<group>"; };
		379371261540393C00BD1AC4 /* en */ = {isa = PBXFileReference; lastKnownFileType = text.rtf; name = en; path = en.lproj/Credits.rtf; sourceTree = "<group>"; };
		379371281540393C00BD1AC4 /* AppDelegate.h */ = {isa = PBXFileReference; lastKnownFileType = sourcecode.c.h; path = AppDelegate.h; sourceTree = "<group>"; };
		379371291540393C00BD1AC4 /* AppDelegate.m */ = {isa = PBXFileReference; lastKnownFileType = sourcecode.c.objc; path = AppDelegate.m; sourceTree = "<group>"; };
		3793712C1540393D00BD1AC4 /* en */ = {isa = PBXFileReference; lastKnownFileType = file.xib; name = en; path = en.lproj/MainMenu.xib; sourceTree = "<group>"; };
		37B7D26815C0101C00507F3F /* LPLineChartView.h */ = {isa = PBXFileReference; fileEncoding = 4; lastKnownFileType = sourcecode.c.h; name = LPLineChartView.h; path = LittlePlotViews/LPLineChartView.h; sourceTree = "<group>"; };
		37B7D26915C0101C00507F3F /* LPLineChartView.m */ = {isa = PBXFileReference; fileEncoding = 4; lastKnownFileType = sourcecode.c.objc; name = LPLineChartView.m; path = LittlePlotViews/LPLineChartView.m; sourceTree = "<group>"; };
		37CC86481551AA910073E494 /* LittlePlotTableView.h */ = {isa = PBXFileReference; fileEncoding = 4; lastKnownFileType = sourcecode.c.h; name = LittlePlotTableView.h; path = LittlePlotViews/LittlePlotTableView.h; sourceTree = "<group>"; };
		37CC86491551AA910073E494 /* LittlePlotTableView.m */ = {isa = PBXFileReference; fileEncoding = 4; lastKnownFileType = sourcecode.c.objc; name = LittlePlotTableView.m; path = LittlePlotViews/LittlePlotTableView.m; sourceTree = "<group>"; };
		6947A2901565798B009DD390 /* LittlePlotBarView.h */ = {isa = PBXFileReference; fileEncoding = 4; lastKnownFileType = sourcecode.c.h; name = LittlePlotBarView.h; path = LittlePlotViews/LittlePlotBarView.h; sourceTree = "<group>"; };
		6947A2911565798B009DD390 /* LittlePlotBarView.m */ = {isa = PBXFileReference; fileEncoding = 4; lastKnownFileType = sourcecode.c.objc; name = LittlePlotBarView.m; path = LittlePlotViews/LittlePlotBarView.m; sourceTree = "<group>"; };
		69AF86DE15474ACD00FC18F4 /* LittlePlotLabelView.h */ = {isa = PBXFileReference; fileEncoding = 4; lastKnownFileType = sourcecode.c.h; name = LittlePlotLabelView.h; path = LittlePlotViews/LittlePlotLabelView.h; sourceTree = "<group>"; };
		69AF86DF15474ACD00FC18F4 /* LittlePlotLabelView.m */ = {isa = PBXFileReference; fileEncoding = 4; lastKnownFileType = sourcecode.c.objc; name = LittlePlotLabelView.m; path = LittlePlotViews/LittlePlotLabelView.m; sourceTree = "<group>"; };
/* End PBXFileReference section */

/* Begin PBXFrameworksBuildPhase section */
		3793710F1540393C00BD1AC4 /* Frameworks */ = {
			isa = PBXFrameworksBuildPhase;
			buildActionMask = 2147483647;
			files = (
				379371171540393C00BD1AC4 /* Cocoa.framework in Frameworks */,
			);
			runOnlyForDeploymentPostprocessing = 0;
		};
/* End PBXFrameworksBuildPhase section */

/* Begin PBXGroup section */
		37790AD715B98111006F5ED9 /* 3D */ = {
			isa = PBXGroup;
			children = (
				378FCB6915B6E80C001B39E1 /* LP3DBarChartView.h */,
				378FCB6A15B6E80C001B39E1 /* LP3DBarChartView.m */,
				37790AD915B98139006F5ED9 /* LP3DPieChartView.h */,
				37790ADA15B98139006F5ED9 /* LP3DPieChartView.m */,
			);
			name = 3D;
			sourceTree = "<group>";
		};
		378FCB7115B6E878001B39E1 /* Incorrect NameSpace */ = {
			isa = PBXGroup;
			children = (
				69AF86DE15474ACD00FC18F4 /* LittlePlotLabelView.h */,
				69AF86DF15474ACD00FC18F4 /* LittlePlotLabelView.m */,
				37CC86481551AA910073E494 /* LittlePlotTableView.h */,
				37CC86491551AA910073E494 /* LittlePlotTableView.m */,
				6947A2901565798B009DD390 /* LittlePlotBarView.h */,
				6947A2911565798B009DD390 /* LittlePlotBarView.m */,
			);
			name = "Incorrect NameSpace";
			sourceTree = "<group>";
		};
		379371071540393C00BD1AC4 = {
			isa = PBXGroup;
			children = (
				3793711C1540393C00BD1AC4 /* little-plot */,
				379371151540393C00BD1AC4 /* Frameworks */,
				379371131540393C00BD1AC4 /* Products */,
			);
			sourceTree = "<group>";
		};
		379371131540393C00BD1AC4 /* Products */ = {
			isa = PBXGroup;
			children = (
				379371121540393C00BD1AC4 /* little-plot.app */,
			);
			name = Products;
			sourceTree = "<group>";
		};
		379371151540393C00BD1AC4 /* Frameworks */ = {
			isa = PBXGroup;
			children = (
				379371161540393C00BD1AC4 /* Cocoa.framework */,
				379371181540393C00BD1AC4 /* Other Frameworks */,
			);
			name = Frameworks;
			sourceTree = "<group>";
		};
		379371181540393C00BD1AC4 /* Other Frameworks */ = {
			isa = PBXGroup;
			children = (
				379371191540393C00BD1AC4 /* AppKit.framework */,
				3793711B1540393C00BD1AC4 /* Foundation.framework */,
			);
			name = "Other Frameworks";
			sourceTree = "<group>";
		};
		3793711C1540393C00BD1AC4 /* little-plot */ = {
			isa = PBXGroup;
			children = (
				3793713C15403B1300BD1AC4 /* LittlePlot Classes */,
				379371281540393C00BD1AC4 /* AppDelegate.h */,
				379371291540393C00BD1AC4 /* AppDelegate.m */,
				3793712B1540393D00BD1AC4 /* MainMenu.xib */,
				3793711D1540393C00BD1AC4 /* Supporting Files */,
				370795051541B1430012A366 /* notes.rtf */,
			);
			path = "little-plot";
			sourceTree = "<group>";
		};
		3793711D1540393C00BD1AC4 /* Supporting Files */ = {
			isa = PBXGroup;
			children = (
				3793711E1540393C00BD1AC4 /* little-plot-Info.plist */,
				3793711F1540393C00BD1AC4 /* InfoPlist.strings */,
				379371221540393C00BD1AC4 /* main.m */,
				379371241540393C00BD1AC4 /* little-plot-Prefix.pch */,
				379371251540393C00BD1AC4 /* Credits.rtf */,
			);
			name = "Supporting Files";
			sourceTree = "<group>";
		};
		3793713C15403B1300BD1AC4 /* LittlePlot Classes */ = {
			isa = PBXGroup;
			children = (
				3793713D15403B1F00BD1AC4 /* LittlePlotViews */,
			);
			name = "LittlePlot Classes";
			sourceTree = "<group>";
		};
		3793713D15403B1F00BD1AC4 /* LittlePlotViews */ = {
			isa = PBXGroup;
			children = (
				378FCB7115B6E878001B39E1 /* Incorrect NameSpace */,
				37790AD715B98111006F5ED9 /* 3D */,
				376CBB7E15B88BA0009AF01C /* LPPieChartView.h */,
				376CBB7F15B88BA0009AF01C /* LPPieChartView.m */,
				37B7D26815C0101C00507F3F /* LPLineChartView.h */,
				37B7D26915C0101C00507F3F /* LPLineChartView.m */,
			);
			name = LittlePlotViews;
			sourceTree = "<group>";
		};
/* End PBXGroup section */

/* Begin PBXNativeTarget section */
		379371111540393C00BD1AC4 /* little-plot */ = {
			isa = PBXNativeTarget;
			buildConfigurationList = 379371301540393D00BD1AC4 /* Build configuration list for PBXNativeTarget "little-plot" */;
			buildPhases = (
				3793710E1540393C00BD1AC4 /* Sources */,
				3793710F1540393C00BD1AC4 /* Frameworks */,
				379371101540393C00BD1AC4 /* Resources */,
			);
			buildRules = (
			);
			dependencies = (
			);
			name = "little-plot";
			productName = "little-plot";
			productReference = 379371121540393C00BD1AC4 /* little-plot.app */;
			productType = "com.apple.product-type.application";
		};
/* End PBXNativeTarget section */

/* Begin PBXProject section */
		379371091540393C00BD1AC4 /* Project object */ = {
			isa = PBXProject;
			attributes = {
				LastUpgradeCheck = 0430;
			};
			buildConfigurationList = 3793710C1540393C00BD1AC4 /* Build configuration list for PBXProject "little-plot" */;
			compatibilityVersion = "Xcode 3.2";
			developmentRegion = English;
			hasScannedForEncodings = 0;
			knownRegions = (
				en,
			);
			mainGroup = 379371071540393C00BD1AC4;
			productRefGroup = 379371131540393C00BD1AC4 /* Products */;
			projectDirPath = "";
			projectRoot = "";
			targets = (
				379371111540393C00BD1AC4 /* little-plot */,
			);
		};
/* End PBXProject section */

/* Begin PBXResourcesBuildPhase section */
		379371101540393C00BD1AC4 /* Resources */ = {
			isa = PBXResourcesBuildPhase;
			buildActionMask = 2147483647;
			files = (
				379371211540393C00BD1AC4 /* InfoPlist.strings in Resources */,
				379371271540393C00BD1AC4 /* Credits.rtf in Resources */,
				3793712D1540393D00BD1AC4 /* MainMenu.xib in Resources */,
				370795061541B1430012A366 /* notes.rtf in Resources */,
			);
			runOnlyForDeploymentPostprocessing = 0;
		};
/* End PBXResourcesBuildPhase section */

/* Begin PBXSourcesBuildPhase section */
		3793710E1540393C00BD1AC4 /* Sources */ = {
			isa = PBXSourcesBuildPhase;
			buildActionMask = 2147483647;
			files = (
				379371231540393C00BD1AC4 /* main.m in Sources */,
				3793712A1540393C00BD1AC4 /* AppDelegate.m in Sources */,
				69AF86E415474ACD00FC18F4 /* LittlePlotLabelView.m in Sources */,
				37CC864A1551AA910073E494 /* LittlePlotTableView.m in Sources */,
				6947A2921565798B009DD390 /* LittlePlotBarView.m in Sources */,
				378FCB6B15B6E80C001B39E1 /* LP3DBarChartView.m in Sources */,
				376CBB8015B88BA0009AF01C /* LPPieChartView.m in Sources */,
				37790ADB15B98139006F5ED9 /* LP3DPieChartView.m in Sources */,
				37B7D26A15C0101C00507F3F /* LPLineChartView.m in Sources */,
			);
			runOnlyForDeploymentPostprocessing = 0;
		};
/* End PBXSourcesBuildPhase section */

/* Begin PBXVariantGroup section */
		3793711F1540393C00BD1AC4 /* InfoPlist.strings */ = {
			isa = PBXVariantGroup;
			children = (
				379371201540393C00BD1AC4 /* en */,
			);
			name = InfoPlist.strings;
			sourceTree = "<group>";
		};
		379371251540393C00BD1AC4 /* Credits.rtf */ = {
			isa = PBXVariantGroup;
			children = (
				379371261540393C00BD1AC4 /* en */,
			);
			name = Credits.rtf;
			sourceTree = "<group>";
		};
		3793712B1540393D00BD1AC4 /* MainMenu.xib */ = {
			isa = PBXVariantGroup;
			children = (
				3793712C1540393D00BD1AC4 /* en */,
			);
			name = MainMenu.xib;
			sourceTree = "<group>";
		};
/* End PBXVariantGroup section */

/* Begin XCBuildConfiguration section */
		3793712E1540393D00BD1AC4 /* Debug */ = {
			isa = XCBuildConfiguration;
			buildSettings = {
				ALWAYS_SEARCH_USER_PATHS = NO;
				ARCHS = "$(ARCHS_STANDARD_64_BIT)";
				CLANG_ENABLE_OBJC_ARC = YES;
				COPY_PHASE_STRIP = NO;
				GCC_C_LANGUAGE_STANDARD = gnu99;
				GCC_DYNAMIC_NO_PIC = NO;
				GCC_ENABLE_OBJC_EXCEPTIONS = YES;
				GCC_OPTIMIZATION_LEVEL = 0;
				GCC_PREPROCESSOR_DEFINITIONS = (
					"DEBUG=1",
					"$(inherited)",
				);
				GCC_SYMBOLS_PRIVATE_EXTERN = NO;
				GCC_VERSION = com.apple.compilers.llvm.clang.1_0;
				GCC_WARN_64_TO_32_BIT_CONVERSION = YES;
				GCC_WARN_ABOUT_RETURN_TYPE = YES;
				GCC_WARN_UNINITIALIZED_AUTOS = YES;
				GCC_WARN_UNUSED_VARIABLE = YES;
				MACOSX_DEPLOYMENT_TARGET = 10.8;
				ONLY_ACTIVE_ARCH = YES;
				SDKROOT = macosx;
			};
			name = Debug;
		};
		3793712F1540393D00BD1AC4 /* Release */ = {
			isa = XCBuildConfiguration;
			buildSettings = {
				ALWAYS_SEARCH_USER_PATHS = NO;
				ARCHS = "$(ARCHS_STANDARD_64_BIT)";
				CLANG_ENABLE_OBJC_ARC = YES;
				COPY_PHASE_STRIP = YES;
				DEBUG_INFORMATION_FORMAT = "dwarf-with-dsym";
				GCC_C_LANGUAGE_STANDARD = gnu99;
				GCC_ENABLE_OBJC_EXCEPTIONS = YES;
				GCC_VERSION = com.apple.compilers.llvm.clang.1_0;
				GCC_WARN_64_TO_32_BIT_CONVERSION = YES;
				GCC_WARN_ABOUT_RETURN_TYPE = YES;
				GCC_WARN_UNINITIALIZED_AUTOS = YES;
				GCC_WARN_UNUSED_VARIABLE = YES;
				MACOSX_DEPLOYMENT_TARGET = 10.8;
				SDKROOT = macosx;
			};
			name = Release;
		};
		379371311540393D00BD1AC4 /* Debug */ = {
			isa = XCBuildConfiguration;
			buildSettings = {
				GCC_PRECOMPILE_PREFIX_HEADER = YES;
				GCC_PREFIX_HEADER = "little-plot/little-plot-Prefix.pch";
				INFOPLIST_FILE = "little-plot/little-plot-Info.plist";
				PRODUCT_NAME = "$(TARGET_NAME)";
				WRAPPER_EXTENSION = app;
			};
			name = Debug;
		};
		379371321540393D00BD1AC4 /* Release */ = {
			isa = XCBuildConfiguration;
			buildSettings = {
				GCC_PRECOMPILE_PREFIX_HEADER = YES;
				GCC_PREFIX_HEADER = "little-plot/little-plot-Prefix.pch";
				INFOPLIST_FILE = "little-plot/little-plot-Info.plist";
				PRODUCT_NAME = "$(TARGET_NAME)";
				WRAPPER_EXTENSION = app;
			};
			name = Release;
		};
/* End XCBuildConfiguration section */

/* Begin XCConfigurationList section */
		3793710C1540393C00BD1AC4 /* Build configuration list for PBXProject "little-plot" */ = {
			isa = XCConfigurationList;
			buildConfigurations = (
				3793712E1540393D00BD1AC4 /* Debug */,
				3793712F1540393D00BD1AC4 /* Release */,
			);
			defaultConfigurationIsVisible = 0;
			defaultConfigurationName = Release;
		};
		379371301540393D00BD1AC4 /* Build configuration list for PBXNativeTarget "little-plot" */ = {
			isa = XCConfigurationList;
			buildConfigurations = (
				379371311540393D00BD1AC4 /* Debug */,
				379371321540393D00BD1AC4 /* Release */,
			);
			defaultConfigurationIsVisible = 0;
			defaultConfigurationName = Release;
		};
/* End XCConfigurationList section */
	};
	rootObject = 379371091540393C00BD1AC4 /* Project object */;
}
